
Microsoft Visual Studio Solution File, Format Version 12.00
# Visual Studio Version 17
VisualStudioVersion = 17.0.31903.59
MinimumVisualStudioVersion = 10.0.40219.1
Project("{FAE04EC0-301F-11D3-BF4B-00C04F79EFBC}") = "DrugWars.Wpf", "DrugWars.Wpf\DrugWars.Wpf.csproj", "{50BB5E67-8F42-47FD-AFA5-B31C17720099}"
EndProject
Project("{FAE04EC0-301F-11D3-BF4B-00C04F79EFBC}") = "DrugWars.Core", "DrugWars.Core\DrugWars.Core.csproj", "{EAC63E6E-3D18-4241-9780-52479E2B13A5}"
EndProject
Project("{FAE04EC0-301F-11D3-BF4B-00C04F79EFBC}") = "DrugWars.Tests", "DrugWars.Tests\DrugWars.Tests.csproj", "{094B6A29-168A-4465-8138-247D70D7225D}"
EndProject
Global
	GlobalSection(SolutionConfigurationPlatforms) = preSolution
		Debug|Any CPU = Debug|Any CPU
		Debug|x64 = Debug|x64
		Debug|x86 = Debug|x86
		Release|Any CPU = Release|Any CPU
		Release|x64 = Release|x64
		Release|x86 = Release|x86
	EndGlobalSection
	GlobalSection(ProjectConfigurationPlatforms) = postSolution
		{50BB5E67-8F42-47FD-AFA5-B31C17720099}.Debug|Any CPU.ActiveCfg = Debug|Any CPU
		{50BB5E67-8F42-47FD-AFA5-B31C17720099}.Debug|Any CPU.Build.0 = Debug|Any CPU
		{50BB5E67-8F42-47FD-AFA5-B31C17720099}.Debug|x64.ActiveCfg = Debug|Any CPU
		{50BB5E67-8F42-47FD-AFA5-B31C17720099}.Debug|x64.Build.0 = Debug|Any CPU
		{50BB5E67-8F42-47FD-AFA5-B31C17720099}.Debug|x86.ActiveCfg = Debug|Any CPU
		{50BB5E67-8F42-47FD-AFA5-B31C17720099}.Debug|x86.Build.0 = Debug|Any CPU
		{50BB5E67-8F42-47FD-AFA5-B31C17720099}.Release|Any CPU.ActiveCfg = Release|Any CPU
		{50BB5E67-8F42-47FD-AFA5-B31C17720099}.Release|Any CPU.Build.0 = Release|Any CPU
		{50BB5E67-8F42-47FD-AFA5-B31C17720099}.Release|x64.ActiveCfg = Release|Any CPU
		{50BB5E67-8F42-47FD-AFA5-B31C17720099}.Release|x64.Build.0 = Release|Any CPU
		{50BB5E67-8F42-47FD-AFA5-B31C17720099}.Release|x86.ActiveCfg = Release|Any CPU
		{50BB5E67-8F42-47FD-AFA5-B31C17720099}.Release|x86.Build.0 = Release|Any CPU
		{EAC63E6E-3D18-4241-9780-52479E2B13A5}.Debug|Any CPU.ActiveCfg = Debug|Any CPU
		{EAC63E6E-3D18-4241-9780-52479E2B13A5}.Debug|Any CPU.Build.0 = Debug|Any CPU
		{EAC63E6E-3D18-4241-9780-52479E2B13A5}.Debug|x64.ActiveCfg = Debug|Any CPU
		{EAC63E6E-3D18-4241-9780-52479E2B13A5}.Debug|x64.Build.0 = Debug|Any CPU
		{EAC63E6E-3D18-4241-9780-52479E2B13A5}.Debug|x86.ActiveCfg = Debug|Any CPU
		{EAC63E6E-3D18-4241-9780-52479E2B13A5}.Debug|x86.Build.0 = Debug|Any CPU
		{EAC63E6E-3D18-4241-9780-52479E2B13A5}.Release|Any CPU.ActiveCfg = Release|Any CPU
		{EAC63E6E-3D18-4241-9780-52479E2B13A5}.Release|Any CPU.Build.0 = Release|Any CPU
		{EAC63E6E-3D18-4241-9780-52479E2B13A5}.Release|x64.ActiveCfg = Release|Any CPU
		{EAC63E6E-3D18-4241-9780-52479E2B13A5}.Release|x64.Build.0 = Release|Any CPU
		{EAC63E6E-3D18-4241-9780-52479E2B13A5}.Release|x86.ActiveCfg = Release|Any CPU
		{EAC63E6E-3D18-4241-9780-52479E2B13A5}.Release|x86.Build.0 = Release|Any CPU
		{094B6A29-168A-4465-8138-247D70D7225D}.Debug|Any CPU.ActiveCfg = Debug|Any CPU
		{094B6A29-168A-4465-8138-247D70D7225D}.Debug|Any CPU.Build.0 = Debug|Any CPU
		{094B6A29-168A-4465-8138-247D70D7225D}.Debug|x64.ActiveCfg = Debug|Any CPU
		{094B6A29-168A-4465-8138-247D70D7225D}.Debug|x64.Build.0 = Debug|Any CPU
		{094B6A29-168A-4465-8138-247D70D7225D}.Debug|x86.ActiveCfg = Debug|Any CPU
		{094B6A29-168A-4465-8138-247D70D7225D}.Debug|x86.Build.0 = Debug|Any CPU
		{094B6A29-168A-4465-8138-247D70D7225D}.Release|Any CPU.ActiveCfg = Release|Any CPU
		{094B6A29-168A-4465-8138-247D70D7225D}.Release|Any CPU.Build.0 = Release|Any CPU
		{094B6A29-168A-4465-8138-247D70D7225D}.Release|x64.ActiveCfg = Release|Any CPU
		{094B6A29-168A-4465-8138-247D70D7225D}.Release|x64.Build.0 = Release|Any CPU
		{094B6A29-168A-4465-8138-247D70D7225D}.Release|x86.ActiveCfg = Release|Any CPU
		{094B6A29-168A-4465-8138-247D70D7225D}.Release|x86.Build.0 = Release|Any CPU
	EndGlobalSection
	GlobalSection(SolutionProperties) = preSolution
		HideSolutionNode = FALSE
	EndGlobalSection
EndGlobal
